
Microsoft Visual Studio Solution File, Format Version 12.00
# Visual Studio Version 16
VisualStudioVersion = 16.0.31729.503
MinimumVisualStudioVersion = 10.0.40219.1
Project("{FAE04EC0-301F-11D3-BF4B-00C04F79EFBC}") = "4-Customers", "4-Customers\4-Customers.csproj", "{EFF50A37-C3E1-46C7-A02E-F69C12D579FC}"
EndProject
Global
	GlobalSection(SolutionConfigurationPlatforms) = preSolution
		Debug|Any CPU = Debug|Any CPU
		Release|Any CPU = Release|Any CPU
	EndGlobalSection
	GlobalSection(ProjectConfigurationPlatforms) = postSolution
		{EFF50A37-C3E1-46C7-A02E-F69C12D579FC}.Debug|Any CPU.ActiveCfg = Debug|Any CPU
		{EFF50A37-C3E1-46C7-A02E-F69C12D579FC}.Debug|Any CPU.Build.0 = Debug|Any CPU
		{EFF50A37-C3E1-46C7-A02E-F69C12D579FC}.Release|Any CPU.ActiveCfg = Release|Any CPU
		{EFF50A37-C3E1-46C7-A02E-F69C12D579FC}.Release|Any CPU.Build.0 = Release|Any CPU
	EndGlobalSection
	GlobalSection(SolutionProperties) = preSolution
		HideSolutionNode = FALSE
	EndGlobalSection
	GlobalSection(ExtensibilityGlobals) = postSolution
		SolutionGuid = {C91D1CC6-DA11-462E-8D21-ADC358D3E2E7}
	EndGlobalSection
EndGlobal
